
Microsoft Visual Studio Solution File, Format Version 12.00
# Visual Studio Version 16
VisualStudioVersion = 16.0.33529.622
MinimumVisualStudioVersion = 10.0.40219.1
Project("{FAE04EC0-301F-11D3-BF4B-00C04F79EFBC}") = "NotifyDotMoeExport", "NotifyDotMoeExport\NotifyDotMoeExport.csproj", "{DC212CAC-18B5-4ECE-ABC8-E8DA5FA4FBE0}"
EndProject
Global
	GlobalSection(SolutionConfigurationPlatforms) = preSolution
		Debug|Any CPU = Debug|Any CPU
		Release|Any CPU = Release|Any CPU
	EndGlobalSection
	GlobalSection(ProjectConfigurationPlatforms) = postSolution
		{DC212CAC-18B5-4ECE-ABC8-E8DA5FA4FBE0}.Debug|Any CPU.ActiveCfg = Debug|Any CPU
		{DC212CAC-18B5-4ECE-ABC8-E8DA5FA4FBE0}.Debug|Any CPU.Build.0 = Debug|Any CPU
		{DC212CAC-18B5-4ECE-ABC8-E8DA5FA4FBE0}.Release|Any CPU.ActiveCfg = Release|Any CPU
		{DC212CAC-18B5-4ECE-ABC8-E8DA5FA4FBE0}.Release|Any CPU.Build.0 = Release|Any CPU
	EndGlobalSection
	GlobalSection(SolutionProperties) = preSolution
		HideSolutionNode = FALSE
	EndGlobalSection
	GlobalSection(ExtensibilityGlobals) = postSolution
		SolutionGuid = {2A9A42C5-3DA0-4785-91EA-B312AF32291A}
	EndGlobalSection
EndGlobal
